# This file was autogenerated by Stack.
# You should not edit this file by hand.
# For more information, please see the documentation at:
#   https://docs.haskellstack.org/en/stable/lock_files

packages:
- completed:
    name: minio-hs
    pantry-tree:
      sha256: 9d57f877e5581d90f716f8f7350ef0404d19a836ea555d9f55038fc71c91b29b
      size: 4744
    sha256: 18f88790c5be1c23e422068cac3f262a7faf83d6b1e51b26d1abad164e0a93e2
    size: 98879
    url: https://github.com/minio/minio-hs/archive/fd202f7.tar.gz
    version: 1.7.0
  original:
    url: https://github.com/minio/minio-hs/archive/fd202f7.tar.gz
- completed:
    name: beam-postgres
    pantry-tree:
      sha256: 142b0b91c6e6f450bce35986dbed7bd3a40a978f160d1f6bb59b794beb228790
      size: 2597
    sha256: e55d44126259471e0cd79b2a6163872a214928bb010e933c118f04fea3f35055
    size: 1199623
    subdir: beam-postgres
    url: https://github.com/haskell-beam/beam/archive/b2e83c4bcbf818b4cc901d355f4f50e1e1a284a3.tar.gz
    version: 0.5.3.1
  original:
    subdir: beam-postgres
    url: https://github.com/haskell-beam/beam/archive/b2e83c4bcbf818b4cc901d355f4f50e1e1a284a3.tar.gz
- completed:
    name: beam-migrate
    pantry-tree:
      sha256: 5ad3897766051863415dd2fe9a68bf5a47ec9c6b79f0e4e5a8d24ec7ddeccd23
      size: 1826
    sha256: e55d44126259471e0cd79b2a6163872a214928bb010e933c118f04fea3f35055
    size: 1199623
    subdir: beam-migrate
    url: https://github.com/haskell-beam/beam/archive/b2e83c4bcbf818b4cc901d355f4f50e1e1a284a3.tar.gz
    version: 0.5.2.1
  original:
    subdir: beam-migrate
    url: https://github.com/haskell-beam/beam/archive/b2e83c4bcbf818b4cc901d355f4f50e1e1a284a3.tar.gz
snapshots:
- completed:
    sha256: 2fdd7d3e54540062ef75ca0a73ca3a804c527dbf8a4cadafabf340e66ac4af40
    size: 712469
    url: https://raw.githubusercontent.com/commercialhaskell/stackage-snapshots/master/lts/22/11.yaml
  original:
    url: https://raw.githubusercontent.com/commercialhaskell/stackage-snapshots/master/lts/22/11.yaml
